// !$*UTF8*$!
{
	archiveVersion = 1;
	classes = {
	};
	objectVersion = 56;
	objects = {

/* Begin PBXBuildFile section */
		01F4FC0A89FE90BBA0D1AFEA /* Pods_Merge_Health_Merge_HealthUITests.framework in Frameworks */ = {isa = PBXBuildFile; fileRef = D621A294284288A2CFEC28B6 /* Pods_Merge_Health_Merge_HealthUITests.framework */; };
		214624B62BEFF18CF2FAAA09 /* Pods_Merge_Health.framework in Frameworks */ = {isa = PBXBuildFile; fileRef = BCA3BD48992E8EE2F3EC2D1B /* Pods_Merge_Health.framework */; };
		7813141D2BA0882F0037F114 /* RestingHeartRate.xib in Resources */ = {isa = PBXBuildFile; fileRef = 7813141C2BA0882F0037F114 /* RestingHeartRate.xib */; };
		7813141E2BA0882F0037F114 /* RestingHeartRate.swift in Sources */ = {isa = PBXBuildFile; fileRef = 7813141B2BA0882F0037F114 /* RestingHeartRate.swift */; };
		781314212BA46E9D0037F114 /* StepsTVC.xib in Resources */ = {isa = PBXBuildFile; fileRef = 781314202BA46E9C0037F114 /* StepsTVC.xib */; };
		781314222BA46E9D0037F114 /* StepsTVC.swift in Sources */ = {isa = PBXBuildFile; fileRef = 7813141F2BA46E9C0037F114 /* StepsTVC.swift */; };
		7864BD172BAB5C09005D48CB /* ProfileVC.swift in Sources */ = {isa = PBXBuildFile; fileRef = 7864BD162BAB5C09005D48CB /* ProfileVC.swift */; };
		7864BD192BAB5E10005D48CB /* IndividualMetricVC.swift in Sources */ = {isa = PBXBuildFile; fileRef = 7864BD182BAB5E10005D48CB /* IndividualMetricVC.swift */; };
		7864BD1B2BAB5E36005D48CB /* LoginVC.swift in Sources */ = {isa = PBXBuildFile; fileRef = 7864BD1A2BAB5E36005D48CB /* LoginVC.swift */; };
		7870BB982BB4A910007DF581 /* Constants.swift in Sources */ = {isa = PBXBuildFile; fileRef = 7870BB972BB4A910007DF581 /* Constants.swift */; };
		7870BB9C2BB4ACBF007DF581 /* WalkingRunningDistance.swift in Sources */ = {isa = PBXBuildFile; fileRef = 7870BB9B2BB4ACBF007DF581 /* WalkingRunningDistance.swift */; };
		7870BB9E2BB4ACD7007DF581 /* RespiratoryRate.swift in Sources */ = {isa = PBXBuildFile; fileRef = 7870BB9D2BB4ACD7007DF581 /* RespiratoryRate.swift */; };
		7870BBA02BB4ACF3007DF581 /* HeartRateVariability.swift in Sources */ = {isa = PBXBuildFile; fileRef = 7870BB9F2BB4ACF3007DF581 /* HeartRateVariability.swift */; };
		7870BBA32BB4D578007DF581 /* QuantityMetricProtocol.swift in Sources */ = {isa = PBXBuildFile; fileRef = 7870BBA22BB4D578007DF581 /* QuantityMetricProtocol.swift */; };
		7870BBA62BB5A439007DF581 /* WorkOutTimeTVC.swift in Sources */ = {isa = PBXBuildFile; fileRef = 7870BBA42BB5A439007DF581 /* WorkOutTimeTVC.swift */; };
		7870BBA72BB5A439007DF581 /* WorkOutTimeTVC.xib in Resources */ = {isa = PBXBuildFile; fileRef = 7870BBA52BB5A439007DF581 /* WorkOutTimeTVC.xib */; };
		7870BBAA2BB5A47D007DF581 /* WalkingRunningDistanceTVC.swift in Sources */ = {isa = PBXBuildFile; fileRef = 7870BBA82BB5A47D007DF581 /* WalkingRunningDistanceTVC.swift */; };
		7870BBAB2BB5A47D007DF581 /* WalkingRunningDistanceTVC.xib in Resources */ = {isa = PBXBuildFile; fileRef = 7870BBA92BB5A47D007DF581 /* WalkingRunningDistanceTVC.xib */; };
		7870BBAE2BB5A4A5007DF581 /* HeartRateVariabilityTVC.swift in Sources */ = {isa = PBXBuildFile; fileRef = 7870BBAC2BB5A4A5007DF581 /* HeartRateVariabilityTVC.swift */; };
		7870BBAF2BB5A4A5007DF581 /* HeartRateVariabilityTVC.xib in Resources */ = {isa = PBXBuildFile; fileRef = 7870BBAD2BB5A4A5007DF581 /* HeartRateVariabilityTVC.xib */; };
		7870BBB22BB5A4BE007DF581 /* RespiratoryRateTVC.swift in Sources */ = {isa = PBXBuildFile; fileRef = 7870BBB02BB5A4BE007DF581 /* RespiratoryRateTVC.swift */; };
		7870BBB32BB5A4BE007DF581 /* RespiratoryRateTVC.xib in Resources */ = {isa = PBXBuildFile; fileRef = 7870BBB12BB5A4BE007DF581 /* RespiratoryRateTVC.xib */; };
		7870BBB52BB5D0B2007DF581 /* TodayVC.swift in Sources */ = {isa = PBXBuildFile; fileRef = 7870BBB42BB5D0B2007DF581 /* TodayVC.swift */; };
		78B1F6BA2B9BB2D100AA1410 /* UserDataInformation.swift in Sources */ = {isa = PBXBuildFile; fileRef = 78B1F6B92B9BB2D100AA1410 /* UserDataInformation.swift */; };
		78BC96DE2BB3024D005CB452 /* Steps.swift in Sources */ = {isa = PBXBuildFile; fileRef = 78BC96DD2BB3024D005CB452 /* Steps.swift */; };
		78BC96E02BB3025C005CB452 /* WorkoutTime.swift in Sources */ = {isa = PBXBuildFile; fileRef = 78BC96DF2BB3025C005CB452 /* WorkoutTime.swift */; };
		78BC96E22BB30285005CB452 /* QuantityMetric.swift in Sources */ = {isa = PBXBuildFile; fileRef = 78BC96E12BB30285005CB452 /* QuantityMetric.swift */; };
		78BCF9DA2B7658D000D1DEC6 /* CoreDataConnection.swift in Sources */ = {isa = PBXBuildFile; fileRef = 78BCF9D92B7658D000D1DEC6 /* CoreDataConnection.swift */; };
		78BCF9DE2B7E885900D1DEC6 /* ForgotPasswordVC.swift in Sources */ = {isa = PBXBuildFile; fileRef = 78BCF9DD2B7E885900D1DEC6 /* ForgotPasswordVC.swift */; };
		78C5C3262BB9D87B0001EA76 /* BarChartViewExtension.swift in Sources */ = {isa = PBXBuildFile; fileRef = 78C5C3252BB9D87B0001EA76 /* BarChartViewExtension.swift */; };
		78C5C3282BBB20090001EA76 /* QuantityMetricMultipleFields.swift in Sources */ = {isa = PBXBuildFile; fileRef = 78C5C3272BBB20090001EA76 /* QuantityMetricMultipleFields.swift */; };
		78D6C1052BB0645D004C3C4D /* GoogleService-Info.plist in Resources */ = {isa = PBXBuildFile; fileRef = 78D6C1042BB0645D004C3C4D /* GoogleService-Info.plist */; };
		78DCA8EE2B8E4D9100F39227 /* RestingHeartRateM.swift in Sources */ = {isa = PBXBuildFile; fileRef = 78DCA8ED2B8E4D9100F39227 /* RestingHeartRateM.swift */; };
		78DD431E2B67048C0067EB4B /* AppDelegate.swift in Sources */ = {isa = PBXBuildFile; fileRef = 78DD431D2B67048C0067EB4B /* AppDelegate.swift */; };
		78DD43202B67048C0067EB4B /* SceneDelegate.swift in Sources */ = {isa = PBXBuildFile; fileRef = 78DD431F2B67048C0067EB4B /* SceneDelegate.swift */; };
		78DD43252B67048C0067EB4B /* Main.storyboard in Resources */ = {isa = PBXBuildFile; fileRef = 78DD43232B67048C0067EB4B /* Main.storyboard */; };
		78DD432A2B67048D0067EB4B /* Assets.xcassets in Resources */ = {isa = PBXBuildFile; fileRef = 78DD43292B67048D0067EB4B /* Assets.xcassets */; };
		78DD432D2B67048D0067EB4B /* LaunchScreen.storyboard in Resources */ = {isa = PBXBuildFile; fileRef = 78DD432B2B67048D0067EB4B /* LaunchScreen.storyboard */; };
		78DD43382B67048E0067EB4B /* Merge_HealthTests.swift in Sources */ = {isa = PBXBuildFile; fileRef = 78DD43372B67048E0067EB4B /* Merge_HealthTests.swift */; };
		78DD43422B67048E0067EB4B /* Merge_HealthUITests.swift in Sources */ = {isa = PBXBuildFile; fileRef = 78DD43412B67048E0067EB4B /* Merge_HealthUITests.swift */; };
		78DD43442B67048E0067EB4B /* Merge_HealthUITestsLaunchTests.swift in Sources */ = {isa = PBXBuildFile; fileRef = 78DD43432B67048E0067EB4B /* Merge_HealthUITestsLaunchTests.swift */; };
		78DD43522B670A2D0067EB4B /* health_data.xcdatamodeld in Sources */ = {isa = PBXBuildFile; fileRef = 78DD43502B670A2D0067EB4B /* health_data.xcdatamodeld */; };
		78E544D02B82AA6300B97DA6 /* dayBarTVC.swift in Sources */ = {isa = PBXBuildFile; fileRef = 78E544CE2B82AA6300B97DA6 /* dayBarTVC.swift */; };
		78E544D12B82AA6300B97DA6 /* dayBarTVC.xib in Resources */ = {isa = PBXBuildFile; fileRef = 78E544CF2B82AA6300B97DA6 /* dayBarTVC.xib */; };
		78EB59162B93E12E007272DA /* UIColor+Extensions.swift in Sources */ = {isa = PBXBuildFile; fileRef = 78EB59152B93E12E007272DA /* UIColor+Extensions.swift */; };
		78EE8EEA2B7648BE00DC8B84 /* GeneralDashboardVC.swift in Sources */ = {isa = PBXBuildFile; fileRef = 78EE8EE32B76468700DC8B84 /* GeneralDashboardVC.swift */; };
		78EE8EEB2B7648C000DC8B84 /* CorrelationVC.swift in Sources */ = {isa = PBXBuildFile; fileRef = 78EE8EE22B76463D00DC8B84 /* CorrelationVC.swift */; };
		78EE8EEF2B764DC100DC8B84 /* AveragePerWeekVC.swift in Sources */ = {isa = PBXBuildFile; fileRef = 78EE8EEE2B764DC100DC8B84 /* AveragePerWeekVC.swift */; };
		78EE8EF12B764DE600DC8B84 /* RegistrationVC.swift in Sources */ = {isa = PBXBuildFile; fileRef = 78EE8EF02B764DE600DC8B84 /* RegistrationVC.swift */; };
		78EE8EF52B764F0E00DC8B84 /* PersonalDetailsVC.swift in Sources */ = {isa = PBXBuildFile; fileRef = 78EE8EF42B764F0E00DC8B84 /* PersonalDetailsVC.swift */; };
		D10584BAC238F493F1D7434D /* Pods_Merge_HealthTests.framework in Frameworks */ = {isa = PBXBuildFile; fileRef = CADF2A117A307F3A5D3FB509 /* Pods_Merge_HealthTests.framework */; };
/* End PBXBuildFile section */

/* Begin PBXContainerItemProxy section */
		78DD43342B67048E0067EB4B /* PBXContainerItemProxy */ = {
			isa = PBXContainerItemProxy;
			containerPortal = 78DD43122B67048C0067EB4B /* Project object */;
			proxyType = 1;
			remoteGlobalIDString = 78DD43192B67048C0067EB4B;
			remoteInfo = "Merge Health";
		};
		78DD433E2B67048E0067EB4B /* PBXContainerItemProxy */ = {
			isa = PBXContainerItemProxy;
			containerPortal = 78DD43122B67048C0067EB4B /* Project object */;
			proxyType = 1;
			remoteGlobalIDString = 78DD43192B67048C0067EB4B;
			remoteInfo = "Merge Health";
		};
/* End PBXContainerItemProxy section */

/* Begin PBXFileReference section */
		1296CB36A7668E91E3B33E2B /* Pods-Merge HealthTests.release.xcconfig */ = {isa = PBXFileReference; includeInIndex = 1; lastKnownFileType = text.xcconfig; name = "Pods-Merge HealthTests.release.xcconfig"; path = "Target Support Files/Pods-Merge HealthTests/Pods-Merge HealthTests.release.xcconfig"; sourceTree = "<group>"; };
		35C5591F2F8545B4D16DF8B8 /* Pods-Merge Health.release.xcconfig */ = {isa = PBXFileReference; includeInIndex = 1; lastKnownFileType = text.xcconfig; name = "Pods-Merge Health.release.xcconfig"; path = "Target Support Files/Pods-Merge Health/Pods-Merge Health.release.xcconfig"; sourceTree = "<group>"; };
		492132BBC61386329B657758 /* Pods-Merge Health-Merge HealthUITests.release.xcconfig */ = {isa = PBXFileReference; includeInIndex = 1; lastKnownFileType = text.xcconfig; name = "Pods-Merge Health-Merge HealthUITests.release.xcconfig"; path = "Target Support Files/Pods-Merge Health-Merge HealthUITests/Pods-Merge Health-Merge HealthUITests.release.xcconfig"; sourceTree = "<group>"; };
		7813141B2BA0882F0037F114 /* RestingHeartRate.swift */ = {isa = PBXFileReference; lastKnownFileType = sourcecode.swift; path = RestingHeartRate.swift; sourceTree = "<group>"; };
		7813141C2BA0882F0037F114 /* RestingHeartRate.xib */ = {isa = PBXFileReference; lastKnownFileType = file.xib; path = RestingHeartRate.xib; sourceTree = "<group>"; };
		7813141F2BA46E9C0037F114 /* StepsTVC.swift */ = {isa = PBXFileReference; lastKnownFileType = sourcecode.swift; path = StepsTVC.swift; sourceTree = "<group>"; };
		781314202BA46E9C0037F114 /* StepsTVC.xib */ = {isa = PBXFileReference; lastKnownFileType = file.xib; path = StepsTVC.xib; sourceTree = "<group>"; };
		7834C8432B9CE7DE00E1EDE2 /* Testing.playground */ = {isa = PBXFileReference; lastKnownFileType = file.playground; path = Testing.playground; sourceTree = "<group>"; xcLanguageSpecificationIdentifier = xcode.lang.swift; };
		783DB96C2B9BA8BB0075D120 /* Merge Health.entitlements */ = {isa = PBXFileReference; lastKnownFileType = text.plist.entitlements; path = "Merge Health.entitlements"; sourceTree = "<group>"; };
		7864BD162BAB5C09005D48CB /* ProfileVC.swift */ = {isa = PBXFileReference; lastKnownFileType = sourcecode.swift; path = ProfileVC.swift; sourceTree = "<group>"; };
		7864BD182BAB5E10005D48CB /* IndividualMetricVC.swift */ = {isa = PBXFileReference; fileEncoding = 4; lastKnownFileType = sourcecode.swift; path = IndividualMetricVC.swift; sourceTree = "<group>"; };
		7864BD1A2BAB5E36005D48CB /* LoginVC.swift */ = {isa = PBXFileReference; fileEncoding = 4; lastKnownFileType = sourcecode.swift; path = LoginVC.swift; sourceTree = "<group>"; };
		7870BB972BB4A910007DF581 /* Constants.swift */ = {isa = PBXFileReference; lastKnownFileType = sourcecode.swift; path = Constants.swift; sourceTree = "<group>"; };
		7870BB9B2BB4ACBF007DF581 /* WalkingRunningDistance.swift */ = {isa = PBXFileReference; lastKnownFileType = sourcecode.swift; path = WalkingRunningDistance.swift; sourceTree = "<group>"; };
		7870BB9D2BB4ACD7007DF581 /* RespiratoryRate.swift */ = {isa = PBXFileReference; lastKnownFileType = sourcecode.swift; path = RespiratoryRate.swift; sourceTree = "<group>"; };
		7870BB9F2BB4ACF3007DF581 /* HeartRateVariability.swift */ = {isa = PBXFileReference; lastKnownFileType = sourcecode.swift; path = HeartRateVariability.swift; sourceTree = "<group>"; };
		7870BBA22BB4D578007DF581 /* QuantityMetricProtocol.swift */ = {isa = PBXFileReference; lastKnownFileType = sourcecode.swift; path = QuantityMetricProtocol.swift; sourceTree = "<group>"; };
		7870BBA42BB5A439007DF581 /* WorkOutTimeTVC.swift */ = {isa = PBXFileReference; lastKnownFileType = sourcecode.swift; path = WorkOutTimeTVC.swift; sourceTree = "<group>"; };
		7870BBA52BB5A439007DF581 /* WorkOutTimeTVC.xib */ = {isa = PBXFileReference; lastKnownFileType = file.xib; path = WorkOutTimeTVC.xib; sourceTree = "<group>"; };
		7870BBA82BB5A47D007DF581 /* WalkingRunningDistanceTVC.swift */ = {isa = PBXFileReference; lastKnownFileType = sourcecode.swift; path = WalkingRunningDistanceTVC.swift; sourceTree = "<group>"; };
		7870BBA92BB5A47D007DF581 /* WalkingRunningDistanceTVC.xib */ = {isa = PBXFileReference; lastKnownFileType = file.xib; path = WalkingRunningDistanceTVC.xib; sourceTree = "<group>"; };
		7870BBAC2BB5A4A5007DF581 /* HeartRateVariabilityTVC.swift */ = {isa = PBXFileReference; lastKnownFileType = sourcecode.swift; path = HeartRateVariabilityTVC.swift; sourceTree = "<group>"; };
		7870BBAD2BB5A4A5007DF581 /* HeartRateVariabilityTVC.xib */ = {isa = PBXFileReference; lastKnownFileType = file.xib; path = HeartRateVariabilityTVC.xib; sourceTree = "<group>"; };
		7870BBB02BB5A4BE007DF581 /* RespiratoryRateTVC.swift */ = {isa = PBXFileReference; lastKnownFileType = sourcecode.swift; path = RespiratoryRateTVC.swift; sourceTree = "<group>"; };
		7870BBB12BB5A4BE007DF581 /* RespiratoryRateTVC.xib */ = {isa = PBXFileReference; lastKnownFileType = file.xib; path = RespiratoryRateTVC.xib; sourceTree = "<group>"; };
		7870BBB42BB5D0B2007DF581 /* TodayVC.swift */ = {isa = PBXFileReference; lastKnownFileType = sourcecode.swift; path = TodayVC.swift; sourceTree = "<group>"; };
		78B1F6B12B9BB00C00AA1410 /* Python3.framework */ = {isa = PBXFileReference; lastKnownFileType = wrapper.framework; name = Python3.framework; path = Library/Frameworks/Python3.framework; sourceTree = DEVELOPER_DIR; };
		78B1F6B92B9BB2D100AA1410 /* UserDataInformation.swift */ = {isa = PBXFileReference; lastKnownFileType = sourcecode.swift; path = UserDataInformation.swift; sourceTree = "<group>"; };
		78BC96DD2BB3024D005CB452 /* Steps.swift */ = {isa = PBXFileReference; lastKnownFileType = sourcecode.swift; path = Steps.swift; sourceTree = "<group>"; };
		78BC96DF2BB3025C005CB452 /* WorkoutTime.swift */ = {isa = PBXFileReference; lastKnownFileType = sourcecode.swift; path = WorkoutTime.swift; sourceTree = "<group>"; };
		78BC96E12BB30285005CB452 /* QuantityMetric.swift */ = {isa = PBXFileReference; lastKnownFileType = sourcecode.swift; path = QuantityMetric.swift; sourceTree = "<group>"; };
		78BCF9D92B7658D000D1DEC6 /* CoreDataConnection.swift */ = {isa = PBXFileReference; lastKnownFileType = sourcecode.swift; path = CoreDataConnection.swift; sourceTree = "<group>"; };
		78BCF9DD2B7E885900D1DEC6 /* ForgotPasswordVC.swift */ = {isa = PBXFileReference; lastKnownFileType = sourcecode.swift; path = ForgotPasswordVC.swift; sourceTree = "<group>"; };
		78C5C3252BB9D87B0001EA76 /* BarChartViewExtension.swift */ = {isa = PBXFileReference; lastKnownFileType = sourcecode.swift; path = BarChartViewExtension.swift; sourceTree = "<group>"; };
		78C5C3272BBB20090001EA76 /* QuantityMetricMultipleFields.swift */ = {isa = PBXFileReference; lastKnownFileType = sourcecode.swift; path = QuantityMetricMultipleFields.swift; sourceTree = "<group>"; };
		78D6C1042BB0645D004C3C4D /* GoogleService-Info.plist */ = {isa = PBXFileReference; fileEncoding = 4; lastKnownFileType = text.plist.xml; path = "GoogleService-Info.plist"; sourceTree = "<group>"; };
		78DCA8ED2B8E4D9100F39227 /* RestingHeartRateM.swift */ = {isa = PBXFileReference; lastKnownFileType = sourcecode.swift; path = RestingHeartRateM.swift; sourceTree = "<group>"; };
		78DD431A2B67048C0067EB4B /* Merge Health.app */ = {isa = PBXFileReference; explicitFileType = wrapper.application; includeInIndex = 0; path = "Merge Health.app"; sourceTree = BUILT_PRODUCTS_DIR; };
		78DD431D2B67048C0067EB4B /* AppDelegate.swift */ = {isa = PBXFileReference; lastKnownFileType = sourcecode.swift; path = AppDelegate.swift; sourceTree = "<group>"; };
		78DD431F2B67048C0067EB4B /* SceneDelegate.swift */ = {isa = PBXFileReference; lastKnownFileType = sourcecode.swift; path = SceneDelegate.swift; sourceTree = "<group>"; };
		78DD43242B67048C0067EB4B /* Base */ = {isa = PBXFileReference; lastKnownFileType = file.storyboard; name = Base; path = Base.lproj/Main.storyboard; sourceTree = "<group>"; };
		78DD43292B67048D0067EB4B /* Assets.xcassets */ = {isa = PBXFileReference; lastKnownFileType = folder.assetcatalog; path = Assets.xcassets; sourceTree = "<group>"; };
		78DD432C2B67048D0067EB4B /* Base */ = {isa = PBXFileReference; lastKnownFileType = file.storyboard; name = Base; path = Base.lproj/LaunchScreen.storyboard; sourceTree = "<group>"; };
		78DD432E2B67048D0067EB4B /* Info.plist */ = {isa = PBXFileReference; lastKnownFileType = text.plist.xml; path = Info.plist; sourceTree = "<group>"; };
		78DD43332B67048E0067EB4B /* Merge HealthTests.xctest */ = {isa = PBXFileReference; explicitFileType = wrapper.cfbundle; includeInIndex = 0; path = "Merge HealthTests.xctest"; sourceTree = BUILT_PRODUCTS_DIR; };
		78DD43372B67048E0067EB4B /* Merge_HealthTests.swift */ = {isa = PBXFileReference; lastKnownFileType = sourcecode.swift; path = Merge_HealthTests.swift; sourceTree = "<group>"; };
		78DD433D2B67048E0067EB4B /* Merge HealthUITests.xctest */ = {isa = PBXFileReference; explicitFileType = wrapper.cfbundle; includeInIndex = 0; path = "Merge HealthUITests.xctest"; sourceTree = BUILT_PRODUCTS_DIR; };
		78DD43412B67048E0067EB4B /* Merge_HealthUITests.swift */ = {isa = PBXFileReference; lastKnownFileType = sourcecode.swift; path = Merge_HealthUITests.swift; sourceTree = "<group>"; };
		78DD43432B67048E0067EB4B /* Merge_HealthUITestsLaunchTests.swift */ = {isa = PBXFileReference; lastKnownFileType = sourcecode.swift; path = Merge_HealthUITestsLaunchTests.swift; sourceTree = "<group>"; };
		78DD43512B670A2D0067EB4B /* health_data.xcdatamodel */ = {isa = PBXFileReference; lastKnownFileType = wrapper.xcdatamodel; path = health_data.xcdatamodel; sourceTree = "<group>"; };
		78E544CE2B82AA6300B97DA6 /* dayBarTVC.swift */ = {isa = PBXFileReference; lastKnownFileType = sourcecode.swift; path = dayBarTVC.swift; sourceTree = "<group>"; };
		78E544CF2B82AA6300B97DA6 /* dayBarTVC.xib */ = {isa = PBXFileReference; lastKnownFileType = file.xib; path = dayBarTVC.xib; sourceTree = "<group>"; };
		78EB59152B93E12E007272DA /* UIColor+Extensions.swift */ = {isa = PBXFileReference; lastKnownFileType = sourcecode.swift; path = "UIColor+Extensions.swift"; sourceTree = "<group>"; };
		78EE8EE22B76463D00DC8B84 /* CorrelationVC.swift */ = {isa = PBXFileReference; lastKnownFileType = sourcecode.swift; path = CorrelationVC.swift; sourceTree = "<group>"; };
		78EE8EE32B76468700DC8B84 /* GeneralDashboardVC.swift */ = {isa = PBXFileReference; lastKnownFileType = sourcecode.swift; path = GeneralDashboardVC.swift; sourceTree = "<group>"; };
		78EE8EEE2B764DC100DC8B84 /* AveragePerWeekVC.swift */ = {isa = PBXFileReference; lastKnownFileType = sourcecode.swift; path = AveragePerWeekVC.swift; sourceTree = "<group>"; };
		78EE8EF02B764DE600DC8B84 /* RegistrationVC.swift */ = {isa = PBXFileReference; lastKnownFileType = sourcecode.swift; path = RegistrationVC.swift; sourceTree = "<group>"; };
		78EE8EF42B764F0E00DC8B84 /* PersonalDetailsVC.swift */ = {isa = PBXFileReference; lastKnownFileType = sourcecode.swift; path = PersonalDetailsVC.swift; sourceTree = "<group>"; };
		BCA3BD48992E8EE2F3EC2D1B /* Pods_Merge_Health.framework */ = {isa = PBXFileReference; explicitFileType = wrapper.framework; includeInIndex = 0; path = Pods_Merge_Health.framework; sourceTree = BUILT_PRODUCTS_DIR; };
		BF60A98AFE33C86805E5F75E /* Pods-Merge Health.debug.xcconfig */ = {isa = PBXFileReference; includeInIndex = 1; lastKnownFileType = text.xcconfig; name = "Pods-Merge Health.debug.xcconfig"; path = "Target Support Files/Pods-Merge Health/Pods-Merge Health.debug.xcconfig"; sourceTree = "<group>"; };
		CADF2A117A307F3A5D3FB509 /* Pods_Merge_HealthTests.framework */ = {isa = PBXFileReference; explicitFileType = wrapper.framework; includeInIndex = 0; path = Pods_Merge_HealthTests.framework; sourceTree = BUILT_PRODUCTS_DIR; };
		D5C9C4FB4E1475AC4EDE5E9D /* Pods-Merge Health-Merge HealthUITests.debug.xcconfig */ = {isa = PBXFileReference; includeInIndex = 1; lastKnownFileType = text.xcconfig; name = "Pods-Merge Health-Merge HealthUITests.debug.xcconfig"; path = "Target Support Files/Pods-Merge Health-Merge HealthUITests/Pods-Merge Health-Merge HealthUITests.debug.xcconfig"; sourceTree = "<group>"; };
		D621A294284288A2CFEC28B6 /* Pods_Merge_Health_Merge_HealthUITests.framework */ = {isa = PBXFileReference; explicitFileType = wrapper.framework; includeInIndex = 0; path = Pods_Merge_Health_Merge_HealthUITests.framework; sourceTree = BUILT_PRODUCTS_DIR; };
		DE09D02B00122826994A4CA2 /* Pods-Merge HealthTests.debug.xcconfig */ = {isa = PBXFileReference; includeInIndex = 1; lastKnownFileType = text.xcconfig; name = "Pods-Merge HealthTests.debug.xcconfig"; path = "Target Support Files/Pods-Merge HealthTests/Pods-Merge HealthTests.debug.xcconfig"; sourceTree = "<group>"; };
/* End PBXFileReference section */

/* Begin PBXFrameworksBuildPhase section */
		78DD43172B67048C0067EB4B /* Frameworks */ = {
			isa = PBXFrameworksBuildPhase;
			buildActionMask = 2147483647;
			files = (
				214624B62BEFF18CF2FAAA09 /* Pods_Merge_Health.framework in Frameworks */,
			);
			runOnlyForDeploymentPostprocessing = 0;
		};
		78DD43302B67048E0067EB4B /* Frameworks */ = {
			isa = PBXFrameworksBuildPhase;
			buildActionMask = 2147483647;
			files = (
				D10584BAC238F493F1D7434D /* Pods_Merge_HealthTests.framework in Frameworks */,
			);
			runOnlyForDeploymentPostprocessing = 0;
		};
		78DD433A2B67048E0067EB4B /* Frameworks */ = {
			isa = PBXFrameworksBuildPhase;
			buildActionMask = 2147483647;
			files = (
				01F4FC0A89FE90BBA0D1AFEA /* Pods_Merge_Health_Merge_HealthUITests.framework in Frameworks */,
			);
			runOnlyForDeploymentPostprocessing = 0;
		};
/* End PBXFrameworksBuildPhase section */

/* Begin PBXGroup section */
		7813141A2BA0876A0037F114 /* TodayVC */ = {
			isa = PBXGroup;
			children = (
				7813141B2BA0882F0037F114 /* RestingHeartRate.swift */,
				7813141C2BA0882F0037F114 /* RestingHeartRate.xib */,
				7813141F2BA46E9C0037F114 /* StepsTVC.swift */,
				781314202BA46E9C0037F114 /* StepsTVC.xib */,
				7870BBA42BB5A439007DF581 /* WorkOutTimeTVC.swift */,
				7870BBA52BB5A439007DF581 /* WorkOutTimeTVC.xib */,
				7870BBA82BB5A47D007DF581 /* WalkingRunningDistanceTVC.swift */,
				7870BBA92BB5A47D007DF581 /* WalkingRunningDistanceTVC.xib */,
				7870BBAC2BB5A4A5007DF581 /* HeartRateVariabilityTVC.swift */,
				7870BBAD2BB5A4A5007DF581 /* HeartRateVariabilityTVC.xib */,
				7870BBB02BB5A4BE007DF581 /* RespiratoryRateTVC.swift */,
				7870BBB12BB5A4BE007DF581 /* RespiratoryRateTVC.xib */,
			);
			path = TodayVC;
			sourceTree = "<group>";
		};
		786D4A562B94B3970087D95D /* GeneralDashboard_ */ = {
			isa = PBXGroup;
			children = (
			);
			path = GeneralDashboard_;
			sourceTree = "<group>";
		};
		7870BBA12BB4D55C007DF581 /* Quantity Metrics */ = {
			isa = PBXGroup;
			children = (
				7870BBA22BB4D578007DF581 /* QuantityMetricProtocol.swift */,
				78BC96E12BB30285005CB452 /* QuantityMetric.swift */,
				78DCA8ED2B8E4D9100F39227 /* RestingHeartRateM.swift */,
				7870BB9F2BB4ACF3007DF581 /* HeartRateVariability.swift */,
				7870BB9D2BB4ACD7007DF581 /* RespiratoryRate.swift */,
				78BC96DD2BB3024D005CB452 /* Steps.swift */,
				7870BB9B2BB4ACBF007DF581 /* WalkingRunningDistance.swift */,
				78BC96DF2BB3025C005CB452 /* WorkoutTime.swift */,
				78C5C3272BBB20090001EA76 /* QuantityMetricMultipleFields.swift */,
			);
			path = "Quantity Metrics";
			sourceTree = "<group>";
		};
		7870BBB62BB736B2007DF581 /* Authentication and user information */ = {
			isa = PBXGroup;
			children = (
				78EE8EF02B764DE600DC8B84 /* RegistrationVC.swift */,
				7864BD1A2BAB5E36005D48CB /* LoginVC.swift */,
				78BCF9DD2B7E885900D1DEC6 /* ForgotPasswordVC.swift */,
				7864BD162BAB5C09005D48CB /* ProfileVC.swift */,
				78EE8EF42B764F0E00DC8B84 /* PersonalDetailsVC.swift */,
			);
			path = "Authentication and user information";
			sourceTree = "<group>";
		};
		7870BBB82BB73745007DF581 /* Main views */ = {
			isa = PBXGroup;
			children = (
				7870BBB42BB5D0B2007DF581 /* TodayVC.swift */,
				78EE8EE32B76468700DC8B84 /* GeneralDashboardVC.swift */,
				7864BD182BAB5E10005D48CB /* IndividualMetricVC.swift */,
				78EE8EEE2B764DC100DC8B84 /* AveragePerWeekVC.swift */,
				78EE8EE22B76463D00DC8B84 /* CorrelationVC.swift */,
			);
			path = "Main views";
			sourceTree = "<group>";
		};
		78B1F6B02B9BB00B00AA1410 /* Frameworks */ = {
			isa = PBXGroup;
			children = (
				78B1F6B12B9BB00C00AA1410 /* Python3.framework */,
				BCA3BD48992E8EE2F3EC2D1B /* Pods_Merge_Health.framework */,
				D621A294284288A2CFEC28B6 /* Pods_Merge_Health_Merge_HealthUITests.framework */,
				CADF2A117A307F3A5D3FB509 /* Pods_Merge_HealthTests.framework */,
			);
			name = Frameworks;
			sourceTree = "<group>";
		};
		78DCA8EC2B8E4D5100F39227 /* Metrics Classes */ = {
			isa = PBXGroup;
			children = (
				7870BBA12BB4D55C007DF581 /* Quantity Metrics */,
			);
			path = "Metrics Classes";
			sourceTree = "<group>";
		};
		78DD43112B67048C0067EB4B = {
			isa = PBXGroup;
			children = (
				7834C8432B9CE7DE00E1EDE2 /* Testing.playground */,
				78DD431C2B67048C0067EB4B /* Merge Health */,
				78DD43362B67048E0067EB4B /* Merge HealthTests */,
				78DD43402B67048E0067EB4B /* Merge HealthUITests */,
				78DD431B2B67048C0067EB4B /* Products */,
				78B1F6B02B9BB00B00AA1410 /* Frameworks */,
				EF2A2E16D25BF9B66868114D /* Pods */,
			);
			sourceTree = "<group>";
		};
		78DD431B2B67048C0067EB4B /* Products */ = {
			isa = PBXGroup;
			children = (
				78DD431A2B67048C0067EB4B /* Merge Health.app */,
				78DD43332B67048E0067EB4B /* Merge HealthTests.xctest */,
				78DD433D2B67048E0067EB4B /* Merge HealthUITests.xctest */,
			);
			name = Products;
			sourceTree = "<group>";
		};
		78DD431C2B67048C0067EB4B /* Merge Health */ = {
			isa = PBXGroup;
			children = (
				78D6C1042BB0645D004C3C4D /* GoogleService-Info.plist */,
				783DB96C2B9BA8BB0075D120 /* Merge Health.entitlements */,
				78BCF9D92B7658D000D1DEC6 /* CoreDataConnection.swift */,
				78EE8EDE2B7580A200DC8B84 /* Model */,
				78EE8EDB2B757FC500DC8B84 /* App Delegate */,
				78EE8EDA2B757FBB00DC8B84 /* Controller (View) */,
				78EE8ED92B757FB400DC8B84 /* View */,
				78EE8ED82B757FA700DC8B84 /* Resources */,
				78DD432E2B67048D0067EB4B /* Info.plist */,
				78EB59152B93E12E007272DA /* UIColor+Extensions.swift */,
				78C5C3252BB9D87B0001EA76 /* BarChartViewExtension.swift */,
			);
			path = "Merge Health";
			sourceTree = "<group>";
		};
		78DD43362B67048E0067EB4B /* Merge HealthTests */ = {
			isa = PBXGroup;
			children = (
				78DD43372B67048E0067EB4B /* Merge_HealthTests.swift */,
			);
			path = "Merge HealthTests";
			sourceTree = "<group>";
		};
		78DD43402B67048E0067EB4B /* Merge HealthUITests */ = {
			isa = PBXGroup;
			children = (
				78DD43412B67048E0067EB4B /* Merge_HealthUITests.swift */,
				78DD43432B67048E0067EB4B /* Merge_HealthUITestsLaunchTests.swift */,
			);
			path = "Merge HealthUITests";
			sourceTree = "<group>";
		};
		78E544C92B82A9AD00B97DA6 /* AveragePerWeek */ = {
			isa = PBXGroup;
			children = (
				78E544CE2B82AA6300B97DA6 /* dayBarTVC.swift */,
				78E544CF2B82AA6300B97DA6 /* dayBarTVC.xib */,
			);
			path = AveragePerWeek;
			sourceTree = "<group>";
		};
		78EE8ED82B757FA700DC8B84 /* Resources */ = {
			isa = PBXGroup;
			children = (
				78DD43292B67048D0067EB4B /* Assets.xcassets */,
			);
			path = Resources;
			sourceTree = "<group>";
		};
		78EE8ED92B757FB400DC8B84 /* View */ = {
			isa = PBXGroup;
			children = (
				78EE8EDD2B757FF700DC8B84 /* Storyboard */,
				78EE8EDC2B757FF100DC8B84 /* Cells */,
			);
			path = View;
			sourceTree = "<group>";
		};
		78EE8EDA2B757FBB00DC8B84 /* Controller (View) */ = {
			isa = PBXGroup;
			children = (
				7870BBB82BB73745007DF581 /* Main views */,
				7870BBB62BB736B2007DF581 /* Authentication and user information */,
			);
			path = "Controller (View)";
			sourceTree = "<group>";
		};
		78EE8EDB2B757FC500DC8B84 /* App Delegate */ = {
			isa = PBXGroup;
			children = (
				78DD431F2B67048C0067EB4B /* SceneDelegate.swift */,
				78DD431D2B67048C0067EB4B /* AppDelegate.swift */,
			);
			path = "App Delegate";
			sourceTree = "<group>";
		};
		78EE8EDC2B757FF100DC8B84 /* Cells */ = {
			isa = PBXGroup;
			children = (
				7813141A2BA0876A0037F114 /* TodayVC */,
				786D4A562B94B3970087D95D /* GeneralDashboard_ */,
				78E544C92B82A9AD00B97DA6 /* AveragePerWeek */,
			);
			path = Cells;
			sourceTree = "<group>";
		};
		78EE8EDD2B757FF700DC8B84 /* Storyboard */ = {
			isa = PBXGroup;
			children = (
				78DD43232B67048C0067EB4B /* Main.storyboard */,
				78DD432B2B67048D0067EB4B /* LaunchScreen.storyboard */,
			);
			path = Storyboard;
			sourceTree = "<group>";
		};
		78EE8EDE2B7580A200DC8B84 /* Model */ = {
			isa = PBXGroup;
			children = (
				78B1F6B92B9BB2D100AA1410 /* UserDataInformation.swift */,
				78DCA8EC2B8E4D5100F39227 /* Metrics Classes */,
				78DD43502B670A2D0067EB4B /* health_data.xcdatamodeld */,
				7870BB972BB4A910007DF581 /* Constants.swift */,
			);
			path = Model;
			sourceTree = "<group>";
		};
		EF2A2E16D25BF9B66868114D /* Pods */ = {
			isa = PBXGroup;
			children = (
				BF60A98AFE33C86805E5F75E /* Pods-Merge Health.debug.xcconfig */,
				35C5591F2F8545B4D16DF8B8 /* Pods-Merge Health.release.xcconfig */,
				D5C9C4FB4E1475AC4EDE5E9D /* Pods-Merge Health-Merge HealthUITests.debug.xcconfig */,
				492132BBC61386329B657758 /* Pods-Merge Health-Merge HealthUITests.release.xcconfig */,
				DE09D02B00122826994A4CA2 /* Pods-Merge HealthTests.debug.xcconfig */,
				1296CB36A7668E91E3B33E2B /* Pods-Merge HealthTests.release.xcconfig */,
			);
			path = Pods;
			sourceTree = "<group>";
		};
/* End PBXGroup section */

/* Begin PBXNativeTarget section */
		78DD43192B67048C0067EB4B /* Merge Health */ = {
			isa = PBXNativeTarget;
			buildConfigurationList = 78DD43472B67048E0067EB4B /* Build configuration list for PBXNativeTarget "Merge Health" */;
			buildPhases = (
				28FF35699DD8DE31DDC161C6 /* [CP] Check Pods Manifest.lock */,
				78DD43162B67048C0067EB4B /* Sources */,
				78DD43172B67048C0067EB4B /* Frameworks */,
				78DD43182B67048C0067EB4B /* Resources */,
				1DBE1683A266804BA05FB7D8 /* [CP] Embed Pods Frameworks */,
			);
			buildRules = (
			);
			dependencies = (
			);
			name = "Merge Health";
			productName = "Merge Health";
			productReference = 78DD431A2B67048C0067EB4B /* Merge Health.app */;
			productType = "com.apple.product-type.application";
		};
		78DD43322B67048E0067EB4B /* Merge HealthTests */ = {
			isa = PBXNativeTarget;
			buildConfigurationList = 78DD434A2B67048E0067EB4B /* Build configuration list for PBXNativeTarget "Merge HealthTests" */;
			buildPhases = (
				ABAD6151AD2C2DCFD2076FC7 /* [CP] Check Pods Manifest.lock */,
				78DD432F2B67048E0067EB4B /* Sources */,
				78DD43302B67048E0067EB4B /* Frameworks */,
				78DD43312B67048E0067EB4B /* Resources */,
			);
			buildRules = (
			);
			dependencies = (
				78DD43352B67048E0067EB4B /* PBXTargetDependency */,
			);
			name = "Merge HealthTests";
			productName = "Merge HealthTests";
			productReference = 78DD43332B67048E0067EB4B /* Merge HealthTests.xctest */;
			productType = "com.apple.product-type.bundle.unit-test";
		};
		78DD433C2B67048E0067EB4B /* Merge HealthUITests */ = {
			isa = PBXNativeTarget;
			buildConfigurationList = 78DD434D2B67048E0067EB4B /* Build configuration list for PBXNativeTarget "Merge HealthUITests" */;
			buildPhases = (
				0F3C69F7121D188C0A0059B9 /* [CP] Check Pods Manifest.lock */,
				78DD43392B67048E0067EB4B /* Sources */,
				78DD433A2B67048E0067EB4B /* Frameworks */,
				78DD433B2B67048E0067EB4B /* Resources */,
				9A4BE38D212FDE945511D535 /* [CP] Embed Pods Frameworks */,
			);
			buildRules = (
			);
			dependencies = (
				78DD433F2B67048E0067EB4B /* PBXTargetDependency */,
			);
			name = "Merge HealthUITests";
			productName = "Merge HealthUITests";
			productReference = 78DD433D2B67048E0067EB4B /* Merge HealthUITests.xctest */;
			productType = "com.apple.product-type.bundle.ui-testing";
		};
/* End PBXNativeTarget section */

/* Begin PBXProject section */
		78DD43122B67048C0067EB4B /* Project object */ = {
			isa = PBXProject;
			attributes = {
				BuildIndependentTargetsInParallel = 1;
				LastSwiftUpdateCheck = 1430;
				LastUpgradeCheck = 1430;
				TargetAttributes = {
					78DD43192B67048C0067EB4B = {
						CreatedOnToolsVersion = 14.3.1;
					};
					78DD43322B67048E0067EB4B = {
						CreatedOnToolsVersion = 14.3.1;
						TestTargetID = 78DD43192B67048C0067EB4B;
					};
					78DD433C2B67048E0067EB4B = {
						CreatedOnToolsVersion = 14.3.1;
						TestTargetID = 78DD43192B67048C0067EB4B;
					};
				};
			};
			buildConfigurationList = 78DD43152B67048C0067EB4B /* Build configuration list for PBXProject "Merge Health" */;
			compatibilityVersion = "Xcode 14.0";
			developmentRegion = en;
			hasScannedForEncodings = 0;
			knownRegions = (
				en,
				Base,
			);
			mainGroup = 78DD43112B67048C0067EB4B;
			productRefGroup = 78DD431B2B67048C0067EB4B /* Products */;
			projectDirPath = "";
			projectRoot = "";
			targets = (
				78DD43192B67048C0067EB4B /* Merge Health */,
				78DD43322B67048E0067EB4B /* Merge HealthTests */,
				78DD433C2B67048E0067EB4B /* Merge HealthUITests */,
			);
		};
/* End PBXProject section */

/* Begin PBXResourcesBuildPhase section */
		78DD43182B67048C0067EB4B /* Resources */ = {
			isa = PBXResourcesBuildPhase;
			buildActionMask = 2147483647;
			files = (
				7870BBB32BB5A4BE007DF581 /* RespiratoryRateTVC.xib in Resources */,
				78DD432D2B67048D0067EB4B /* LaunchScreen.storyboard in Resources */,
				7870BBAB2BB5A47D007DF581 /* WalkingRunningDistanceTVC.xib in Resources */,
				78DD432A2B67048D0067EB4B /* Assets.xcassets in Resources */,
				7870BBA72BB5A439007DF581 /* WorkOutTimeTVC.xib in Resources */,
				78E544D12B82AA6300B97DA6 /* dayBarTVC.xib in Resources */,
				781314212BA46E9D0037F114 /* StepsTVC.xib in Resources */,
				7813141D2BA0882F0037F114 /* RestingHeartRate.xib in Resources */,
				7870BBAF2BB5A4A5007DF581 /* HeartRateVariabilityTVC.xib in Resources */,
				78DD43252B67048C0067EB4B /* Main.storyboard in Resources */,
				78D6C1052BB0645D004C3C4D /* GoogleService-Info.plist in Resources */,
			);
			runOnlyForDeploymentPostprocessing = 0;
		};
		78DD43312B67048E0067EB4B /* Resources */ = {
			isa = PBXResourcesBuildPhase;
			buildActionMask = 2147483647;
			files = (
			);
			runOnlyForDeploymentPostprocessing = 0;
		};
		78DD433B2B67048E0067EB4B /* Resources */ = {
			isa = PBXResourcesBuildPhase;
			buildActionMask = 2147483647;
			files = (
			);
			runOnlyForDeploymentPostprocessing = 0;
		};
/* End PBXResourcesBuildPhase section */

/* Begin PBXShellScriptBuildPhase section */
		0F3C69F7121D188C0A0059B9 /* [CP] Check Pods Manifest.lock */ = {
			isa = PBXShellScriptBuildPhase;
			buildActionMask = 2147483647;
			files = (
			);
			inputFileListPaths = (
			);
			inputPaths = (
				"${PODS_PODFILE_DIR_PATH}/Podfile.lock",
				"${PODS_ROOT}/Manifest.lock",
			);
			name = "[CP] Check Pods Manifest.lock";
			outputFileListPaths = (
			);
			outputPaths = (
				"$(DERIVED_FILE_DIR)/Pods-Merge Health-Merge HealthUITests-checkManifestLockResult.txt",
			);
			runOnlyForDeploymentPostprocessing = 0;
			shellPath = /bin/sh;
			shellScript = "diff \"${PODS_PODFILE_DIR_PATH}/Podfile.lock\" \"${PODS_ROOT}/Manifest.lock\" > /dev/null\nif [ $? != 0 ] ; then\n    # print error to STDERR\n    echo \"error: The sandbox is not in sync with the Podfile.lock. Run 'pod install' or update your CocoaPods installation.\" >&2\n    exit 1\nfi\n# This output is used by Xcode 'outputs' to avoid re-running this script phase.\necho \"SUCCESS\" > \"${SCRIPT_OUTPUT_FILE_0}\"\n";
			showEnvVarsInLog = 0;
		};
		1DBE1683A266804BA05FB7D8 /* [CP] Embed Pods Frameworks */ = {
			isa = PBXShellScriptBuildPhase;
			buildActionMask = 2147483647;
			files = (
			);
			inputFileListPaths = (
				"${PODS_ROOT}/Target Support Files/Pods-Merge Health/Pods-Merge Health-frameworks-${CONFIGURATION}-input-files.xcfilelist",
			);
			name = "[CP] Embed Pods Frameworks";
			outputFileListPaths = (
				"${PODS_ROOT}/Target Support Files/Pods-Merge Health/Pods-Merge Health-frameworks-${CONFIGURATION}-output-files.xcfilelist",
			);
			runOnlyForDeploymentPostprocessing = 0;
			shellPath = /bin/sh;
			shellScript = "\"${PODS_ROOT}/Target Support Files/Pods-Merge Health/Pods-Merge Health-frameworks.sh\"\n";
			showEnvVarsInLog = 0;
		};
		28FF35699DD8DE31DDC161C6 /* [CP] Check Pods Manifest.lock */ = {
			isa = PBXShellScriptBuildPhase;
			buildActionMask = 2147483647;
			files = (
			);
			inputFileListPaths = (
			);
			inputPaths = (
				"${PODS_PODFILE_DIR_PATH}/Podfile.lock",
				"${PODS_ROOT}/Manifest.lock",
			);
			name = "[CP] Check Pods Manifest.lock";
			outputFileListPaths = (
			);
			outputPaths = (
				"$(DERIVED_FILE_DIR)/Pods-Merge Health-checkManifestLockResult.txt",
			);
			runOnlyForDeploymentPostprocessing = 0;
			shellPath = /bin/sh;
			shellScript = "diff \"${PODS_PODFILE_DIR_PATH}/Podfile.lock\" \"${PODS_ROOT}/Manifest.lock\" > /dev/null\nif [ $? != 0 ] ; then\n    # print error to STDERR\n    echo \"error: The sandbox is not in sync with the Podfile.lock. Run 'pod install' or update your CocoaPods installation.\" >&2\n    exit 1\nfi\n# This output is used by Xcode 'outputs' to avoid re-running this script phase.\necho \"SUCCESS\" > \"${SCRIPT_OUTPUT_FILE_0}\"\n";
			showEnvVarsInLog = 0;
		};
		9A4BE38D212FDE945511D535 /* [CP] Embed Pods Frameworks */ = {
			isa = PBXShellScriptBuildPhase;
			buildActionMask = 2147483647;
			files = (
			);
			inputFileListPaths = (
				"${PODS_ROOT}/Target Support Files/Pods-Merge Health-Merge HealthUITests/Pods-Merge Health-Merge HealthUITests-frameworks-${CONFIGURATION}-input-files.xcfilelist",
			);
			name = "[CP] Embed Pods Frameworks";
			outputFileListPaths = (
				"${PODS_ROOT}/Target Support Files/Pods-Merge Health-Merge HealthUITests/Pods-Merge Health-Merge HealthUITests-frameworks-${CONFIGURATION}-output-files.xcfilelist",
			);
			runOnlyForDeploymentPostprocessing = 0;
			shellPath = /bin/sh;
			shellScript = "\"${PODS_ROOT}/Target Support Files/Pods-Merge Health-Merge HealthUITests/Pods-Merge Health-Merge HealthUITests-frameworks.sh\"\n";
			showEnvVarsInLog = 0;
		};
		ABAD6151AD2C2DCFD2076FC7 /* [CP] Check Pods Manifest.lock */ = {
			isa = PBXShellScriptBuildPhase;
			buildActionMask = 2147483647;
			files = (
			);
			inputFileListPaths = (
			);
			inputPaths = (
				"${PODS_PODFILE_DIR_PATH}/Podfile.lock",
				"${PODS_ROOT}/Manifest.lock",
			);
			name = "[CP] Check Pods Manifest.lock";
			outputFileListPaths = (
			);
			outputPaths = (
				"$(DERIVED_FILE_DIR)/Pods-Merge HealthTests-checkManifestLockResult.txt",
			);
			runOnlyForDeploymentPostprocessing = 0;
			shellPath = /bin/sh;
			shellScript = "diff \"${PODS_PODFILE_DIR_PATH}/Podfile.lock\" \"${PODS_ROOT}/Manifest.lock\" > /dev/null\nif [ $? != 0 ] ; then\n    # print error to STDERR\n    echo \"error: The sandbox is not in sync with the Podfile.lock. Run 'pod install' or update your CocoaPods installation.\" >&2\n    exit 1\nfi\n# This output is used by Xcode 'outputs' to avoid re-running this script phase.\necho \"SUCCESS\" > \"${SCRIPT_OUTPUT_FILE_0}\"\n";
			showEnvVarsInLog = 0;
		};
/* End PBXShellScriptBuildPhase section */

/* Begin PBXSourcesBuildPhase section */
		78DD43162B67048C0067EB4B /* Sources */ = {
			isa = PBXSourcesBuildPhase;
			buildActionMask = 2147483647;
			files = (
				78C5C3262BB9D87B0001EA76 /* BarChartViewExtension.swift in Sources */,
				7870BBAA2BB5A47D007DF581 /* WalkingRunningDistanceTVC.swift in Sources */,
				7864BD1B2BAB5E36005D48CB /* LoginVC.swift in Sources */,
				7870BBAE2BB5A4A5007DF581 /* HeartRateVariabilityTVC.swift in Sources */,
				7870BBA62BB5A439007DF581 /* WorkOutTimeTVC.swift in Sources */,
				7870BBB22BB5A4BE007DF581 /* RespiratoryRateTVC.swift in Sources */,
				78EE8EEF2B764DC100DC8B84 /* AveragePerWeekVC.swift in Sources */,
				78EE8EF52B764F0E00DC8B84 /* PersonalDetailsVC.swift in Sources */,
				78B1F6BA2B9BB2D100AA1410 /* UserDataInformation.swift in Sources */,
				7870BBA32BB4D578007DF581 /* QuantityMetricProtocol.swift in Sources */,
				7870BB9C2BB4ACBF007DF581 /* WalkingRunningDistance.swift in Sources */,
				78BC96E02BB3025C005CB452 /* WorkoutTime.swift in Sources */,
				7870BBA02BB4ACF3007DF581 /* HeartRateVariability.swift in Sources */,
				7870BB9E2BB4ACD7007DF581 /* RespiratoryRate.swift in Sources */,
				78DD431E2B67048C0067EB4B /* AppDelegate.swift in Sources */,
				78E544D02B82AA6300B97DA6 /* dayBarTVC.swift in Sources */,
				7813141E2BA0882F0037F114 /* RestingHeartRate.swift in Sources */,
				78DD43202B67048C0067EB4B /* SceneDelegate.swift in Sources */,
				78DCA8EE2B8E4D9100F39227 /* RestingHeartRateM.swift in Sources */,
				78EE8EEA2B7648BE00DC8B84 /* GeneralDashboardVC.swift in Sources */,
				78BCF9DA2B7658D000D1DEC6 /* CoreDataConnection.swift in Sources */,
				7870BB982BB4A910007DF581 /* Constants.swift in Sources */,
				78EE8EF12B764DE600DC8B84 /* RegistrationVC.swift in Sources */,
				78BC96E22BB30285005CB452 /* QuantityMetric.swift in Sources */,
				7870BBB52BB5D0B2007DF581 /* TodayVC.swift in Sources */,
				78BCF9DE2B7E885900D1DEC6 /* ForgotPasswordVC.swift in Sources */,
				78EB59162B93E12E007272DA /* UIColor+Extensions.swift in Sources */,
				78EE8EEB2B7648C000DC8B84 /* CorrelationVC.swift in Sources */,
				78C5C3282BBB20090001EA76 /* QuantityMetricMultipleFields.swift in Sources */,
				7864BD192BAB5E10005D48CB /* IndividualMetricVC.swift in Sources */,
				78DD43522B670A2D0067EB4B /* health_data.xcdatamodeld in Sources */,
				78BC96DE2BB3024D005CB452 /* Steps.swift in Sources */,
				7864BD172BAB5C09005D48CB /* ProfileVC.swift in Sources */,
				781314222BA46E9D0037F114 /* StepsTVC.swift in Sources */,
			);
			runOnlyForDeploymentPostprocessing = 0;
		};
		78DD432F2B67048E0067EB4B /* Sources */ = {
			isa = PBXSourcesBuildPhase;
			buildActionMask = 2147483647;
			files = (
				78DD43382B67048E0067EB4B /* Merge_HealthTests.swift in Sources */,
			);
			runOnlyForDeploymentPostprocessing = 0;
		};
		78DD43392B67048E0067EB4B /* Sources */ = {
			isa = PBXSourcesBuildPhase;
			buildActionMask = 2147483647;
			files = (
				78DD43422B67048E0067EB4B /* Merge_HealthUITests.swift in Sources */,
				78DD43442B67048E0067EB4B /* Merge_HealthUITestsLaunchTests.swift in Sources */,
			);
			runOnlyForDeploymentPostprocessing = 0;
		};
/* End PBXSourcesBuildPhase section */

/* Begin PBXTargetDependency section */
		78DD43352B67048E0067EB4B /* PBXTargetDependency */ = {
			isa = PBXTargetDependency;
			target = 78DD43192B67048C0067EB4B /* Merge Health */;
			targetProxy = 78DD43342B67048E0067EB4B /* PBXContainerItemProxy */;
		};
		78DD433F2B67048E0067EB4B /* PBXTargetDependency */ = {
			isa = PBXTargetDependency;
			target = 78DD43192B67048C0067EB4B /* Merge Health */;
			targetProxy = 78DD433E2B67048E0067EB4B /* PBXContainerItemProxy */;
		};
/* End PBXTargetDependency section */

/* Begin PBXVariantGroup section */
		78DD43232B67048C0067EB4B /* Main.storyboard */ = {
			isa = PBXVariantGroup;
			children = (
				78DD43242B67048C0067EB4B /* Base */,
			);
			name = Main.storyboard;
			sourceTree = "<group>";
		};
		78DD432B2B67048D0067EB4B /* LaunchScreen.storyboard */ = {
			isa = PBXVariantGroup;
			children = (
				78DD432C2B67048D0067EB4B /* Base */,
			);
			name = LaunchScreen.storyboard;
			sourceTree = "<group>";
		};
/* End PBXVariantGroup section */

/* Begin XCBuildConfiguration section */
		78DD43452B67048E0067EB4B /* Debug */ = {
			isa = XCBuildConfiguration;
			buildSettings = {
				ALWAYS_SEARCH_USER_PATHS = NO;
				CLANG_ANALYZER_NONNULL = YES;
				CLANG_ANALYZER_NUMBER_OBJECT_CONVERSION = YES_AGGRESSIVE;
				CLANG_CXX_LANGUAGE_STANDARD = "gnu++20";
				CLANG_ENABLE_MODULES = YES;
				CLANG_ENABLE_OBJC_ARC = YES;
				CLANG_ENABLE_OBJC_WEAK = YES;
				CLANG_WARN_BLOCK_CAPTURE_AUTORELEASING = YES;
				CLANG_WARN_BOOL_CONVERSION = YES;
				CLANG_WARN_COMMA = YES;
				CLANG_WARN_CONSTANT_CONVERSION = YES;
				CLANG_WARN_DEPRECATED_OBJC_IMPLEMENTATIONS = YES;
				CLANG_WARN_DIRECT_OBJC_ISA_USAGE = YES_ERROR;
				CLANG_WARN_DOCUMENTATION_COMMENTS = YES;
				CLANG_WARN_EMPTY_BODY = YES;
				CLANG_WARN_ENUM_CONVERSION = YES;
				CLANG_WARN_INFINITE_RECURSION = YES;
				CLANG_WARN_INT_CONVERSION = YES;
				CLANG_WARN_NON_LITERAL_NULL_CONVERSION = YES;
				CLANG_WARN_OBJC_IMPLICIT_RETAIN_SELF = YES;
				CLANG_WARN_OBJC_LITERAL_CONVERSION = YES;
				CLANG_WARN_OBJC_ROOT_CLASS = YES_ERROR;
				CLANG_WARN_QUOTED_INCLUDE_IN_FRAMEWORK_HEADER = YES;
				CLANG_WARN_RANGE_LOOP_ANALYSIS = YES;
				CLANG_WARN_STRICT_PROTOTYPES = YES;
				CLANG_WARN_SUSPICIOUS_MOVE = YES;
				CLANG_WARN_UNGUARDED_AVAILABILITY = YES_AGGRESSIVE;
				CLANG_WARN_UNREACHABLE_CODE = YES;
				CLANG_WARN__DUPLICATE_METHOD_MATCH = YES;
				COPY_PHASE_STRIP = NO;
				DEBUG_INFORMATION_FORMAT = dwarf;
				ENABLE_STRICT_OBJC_MSGSEND = YES;
				ENABLE_TESTABILITY = YES;
				GCC_C_LANGUAGE_STANDARD = gnu11;
				GCC_DYNAMIC_NO_PIC = NO;
				GCC_NO_COMMON_BLOCKS = YES;
				GCC_OPTIMIZATION_LEVEL = 0;
				GCC_PREPROCESSOR_DEFINITIONS = (
					"DEBUG=1",
					"$(inherited)",
				);
				GCC_WARN_64_TO_32_BIT_CONVERSION = YES;
				GCC_WARN_ABOUT_RETURN_TYPE = YES_ERROR;
				GCC_WARN_UNDECLARED_SELECTOR = YES;
				GCC_WARN_UNINITIALIZED_AUTOS = YES_AGGRESSIVE;
				GCC_WARN_UNUSED_FUNCTION = YES;
				GCC_WARN_UNUSED_VARIABLE = YES;
				IPHONEOS_DEPLOYMENT_TARGET = 16.4;
				MTL_ENABLE_DEBUG_INFO = INCLUDE_SOURCE;
				MTL_FAST_MATH = YES;
				ONLY_ACTIVE_ARCH = YES;
				SDKROOT = iphoneos;
				SWIFT_ACTIVE_COMPILATION_CONDITIONS = DEBUG;
				SWIFT_OPTIMIZATION_LEVEL = "-Onone";
			};
			name = Debug;
		};
		78DD43462B67048E0067EB4B /* Release */ = {
			isa = XCBuildConfiguration;
			buildSettings = {
				ALWAYS_SEARCH_USER_PATHS = NO;
				CLANG_ANALYZER_NONNULL = YES;
				CLANG_ANALYZER_NUMBER_OBJECT_CONVERSION = YES_AGGRESSIVE;
				CLANG_CXX_LANGUAGE_STANDARD = "gnu++20";
				CLANG_ENABLE_MODULES = YES;
				CLANG_ENABLE_OBJC_ARC = YES;
				CLANG_ENABLE_OBJC_WEAK = YES;
				CLANG_WARN_BLOCK_CAPTURE_AUTORELEASING = YES;
				CLANG_WARN_BOOL_CONVERSION = YES;
				CLANG_WARN_COMMA = YES;
				CLANG_WARN_CONSTANT_CONVERSION = YES;
				CLANG_WARN_DEPRECATED_OBJC_IMPLEMENTATIONS = YES;
				CLANG_WARN_DIRECT_OBJC_ISA_USAGE = YES_ERROR;
				CLANG_WARN_DOCUMENTATION_COMMENTS = YES;
				CLANG_WARN_EMPTY_BODY = YES;
				CLANG_WARN_ENUM_CONVERSION = YES;
				CLANG_WARN_INFINITE_RECURSION = YES;
				CLANG_WARN_INT_CONVERSION = YES;
				CLANG_WARN_NON_LITERAL_NULL_CONVERSION = YES;
				CLANG_WARN_OBJC_IMPLICIT_RETAIN_SELF = YES;
				CLANG_WARN_OBJC_LITERAL_CONVERSION = YES;
				CLANG_WARN_OBJC_ROOT_CLASS = YES_ERROR;
				CLANG_WARN_QUOTED_INCLUDE_IN_FRAMEWORK_HEADER = YES;
				CLANG_WARN_RANGE_LOOP_ANALYSIS = YES;
				CLANG_WARN_STRICT_PROTOTYPES = YES;
				CLANG_WARN_SUSPICIOUS_MOVE = YES;
				CLANG_WARN_UNGUARDED_AVAILABILITY = YES_AGGRESSIVE;
				CLANG_WARN_UNREACHABLE_CODE = YES;
				CLANG_WARN__DUPLICATE_METHOD_MATCH = YES;
				COPY_PHASE_STRIP = NO;
				DEBUG_INFORMATION_FORMAT = "dwarf-with-dsym";
				ENABLE_NS_ASSERTIONS = NO;
				ENABLE_STRICT_OBJC_MSGSEND = YES;
				GCC_C_LANGUAGE_STANDARD = gnu11;
				GCC_NO_COMMON_BLOCKS = YES;
				GCC_WARN_64_TO_32_BIT_CONVERSION = YES;
				GCC_WARN_ABOUT_RETURN_TYPE = YES_ERROR;
				GCC_WARN_UNDECLARED_SELECTOR = YES;
				GCC_WARN_UNINITIALIZED_AUTOS = YES_AGGRESSIVE;
				GCC_WARN_UNUSED_FUNCTION = YES;
				GCC_WARN_UNUSED_VARIABLE = YES;
				IPHONEOS_DEPLOYMENT_TARGET = 16.4;
				MTL_ENABLE_DEBUG_INFO = NO;
				MTL_FAST_MATH = YES;
				SDKROOT = iphoneos;
				SWIFT_COMPILATION_MODE = wholemodule;
				SWIFT_OPTIMIZATION_LEVEL = "-O";
				VALIDATE_PRODUCT = YES;
			};
			name = Release;
		};
		78DD43482B67048E0067EB4B /* Debug */ = {
			isa = XCBuildConfiguration;
			baseConfigurationReference = BF60A98AFE33C86805E5F75E /* Pods-Merge Health.debug.xcconfig */;
			buildSettings = {
				ASSETCATALOG_COMPILER_APPICON_NAME = AppIcon;
				ASSETCATALOG_COMPILER_GLOBAL_ACCENT_COLOR_NAME = AccentColor;
				CODE_SIGN_ENTITLEMENTS = "Merge Health/Merge Health.entitlements";
				CODE_SIGN_IDENTITY = "Apple Development";
				CODE_SIGN_STYLE = Automatic;
				CURRENT_PROJECT_VERSION = 1;
				DEVELOPMENT_TEAM = 6XDAT75S8N;
				GENERATE_INFOPLIST_FILE = YES;
				INFOPLIST_FILE = "Merge Health/Info.plist";
				INFOPLIST_KEY_NSHealthShareUsageDescription = "Multiple data types are required to acess graph them and process them to give insights";
				INFOPLIST_KEY_UIApplicationSupportsIndirectInputEvents = YES;
				INFOPLIST_KEY_UILaunchStoryboardName = LaunchScreen;
				INFOPLIST_KEY_UIMainStoryboardFile = Main;
				INFOPLIST_KEY_UISupportedInterfaceOrientations_iPad = "UIInterfaceOrientationPortrait UIInterfaceOrientationPortraitUpsideDown UIInterfaceOrientationLandscapeLeft UIInterfaceOrientationLandscapeRight";
				INFOPLIST_KEY_UISupportedInterfaceOrientations_iPhone = "UIInterfaceOrientationPortrait UIInterfaceOrientationLandscapeLeft UIInterfaceOrientationLandscapeRight";
				LD_RUNPATH_SEARCH_PATHS = (
					"$(inherited)",
					"@executable_path/Frameworks",
				);
				MARKETING_VERSION = 1.0;
				PRODUCT_BUNDLE_IDENTIFIER = com.DaBa.mergeHealth;
				PRODUCT_NAME = "$(TARGET_NAME)";
				PROVISIONING_PROFILE_SPECIFIER = "";
				SWIFT_EMIT_LOC_STRINGS = YES;
				SWIFT_VERSION = 5.0;
				TARGETED_DEVICE_FAMILY = "1,2";
			};
			name = Debug;
		};
		78DD43492B67048E0067EB4B /* Release */ = {
			isa = XCBuildConfiguration;
			baseConfigurationReference = 35C5591F2F8545B4D16DF8B8 /* Pods-Merge Health.release.xcconfig */;
			buildSettings = {
				ASSETCATALOG_COMPILER_APPICON_NAME = AppIcon;
				ASSETCATALOG_COMPILER_GLOBAL_ACCENT_COLOR_NAME = AccentColor;
				CODE_SIGN_ENTITLEMENTS = "Merge Health/Merge Health.entitlements";
				CODE_SIGN_IDENTITY = "Apple Development";
				CODE_SIGN_STYLE = Automatic;
				CURRENT_PROJECT_VERSION = 1;
				DEVELOPMENT_TEAM = 6XDAT75S8N;
				GENERATE_INFOPLIST_FILE = YES;
				INFOPLIST_FILE = "Merge Health/Info.plist";
				INFOPLIST_KEY_NSHealthShareUsageDescription = "Multiple data types are required to acess graph them and process them to give insights";
				INFOPLIST_KEY_UIApplicationSupportsIndirectInputEvents = YES;
				INFOPLIST_KEY_UILaunchStoryboardName = LaunchScreen;
				INFOPLIST_KEY_UIMainStoryboardFile = Main;
				INFOPLIST_KEY_UISupportedInterfaceOrientations_iPad = "UIInterfaceOrientationPortrait UIInterfaceOrientationPortraitUpsideDown UIInterfaceOrientationLandscapeLeft UIInterfaceOrientationLandscapeRight";
				INFOPLIST_KEY_UISupportedInterfaceOrientations_iPhone = "UIInterfaceOrientationPortrait UIInterfaceOrientationLandscapeLeft UIInterfaceOrientationLandscapeRight";
				LD_RUNPATH_SEARCH_PATHS = (
					"$(inherited)",
					"@executable_path/Frameworks",
				);
				MARKETING_VERSION = 1.0;
				PRODUCT_BUNDLE_IDENTIFIER = com.DaBa.mergeHealth;
				PRODUCT_NAME = "$(TARGET_NAME)";
				PROVISIONING_PROFILE_SPECIFIER = "";
				SWIFT_EMIT_LOC_STRINGS = YES;
				SWIFT_VERSION = 5.0;
				TARGETED_DEVICE_FAMILY = "1,2";
			};
			name = Release;
		};
		78DD434B2B67048E0067EB4B /* Debug */ = {
			isa = XCBuildConfiguration;
			baseConfigurationReference = DE09D02B00122826994A4CA2 /* Pods-Merge HealthTests.debug.xcconfig */;
			buildSettings = {
				ALWAYS_EMBED_SWIFT_STANDARD_LIBRARIES = YES;
				BUNDLE_LOADER = "$(TEST_HOST)";
				CODE_SIGN_STYLE = Automatic;
				CURRENT_PROJECT_VERSION = 1;
				DEVELOPMENT_TEAM = 6XDAT75S8N;
				GENERATE_INFOPLIST_FILE = YES;
				IPHONEOS_DEPLOYMENT_TARGET = 16.4;
				MARKETING_VERSION = 1.0;
				PRODUCT_BUNDLE_IDENTIFIER = "swift.Merge-HealthTests";
				PRODUCT_NAME = "$(TARGET_NAME)";
				SWIFT_EMIT_LOC_STRINGS = NO;
				SWIFT_VERSION = 5.0;
				TARGETED_DEVICE_FAMILY = "1,2";
				TEST_HOST = "$(BUILT_PRODUCTS_DIR)/Merge Health.app/$(BUNDLE_EXECUTABLE_FOLDER_PATH)/Merge Health";
			};
			name = Debug;
		};
		78DD434C2B67048E0067EB4B /* Release */ = {
			isa = XCBuildConfiguration;
			baseConfigurationReference = 1296CB36A7668E91E3B33E2B /* Pods-Merge HealthTests.release.xcconfig */;
			buildSettings = {
				ALWAYS_EMBED_SWIFT_STANDARD_LIBRARIES = YES;
				BUNDLE_LOADER = "$(TEST_HOST)";
				CODE_SIGN_STYLE = Automatic;
				CURRENT_PROJECT_VERSION = 1;
				DEVELOPMENT_TEAM = 6XDAT75S8N;
				GENERATE_INFOPLIST_FILE = YES;
				IPHONEOS_DEPLOYMENT_TARGET = 16.4;
				MARKETING_VERSION = 1.0;
				PRODUCT_BUNDLE_IDENTIFIER = "swift.Merge-HealthTests";
				PRODUCT_NAME = "$(TARGET_NAME)";
				SWIFT_EMIT_LOC_STRINGS = NO;
				SWIFT_VERSION = 5.0;
				TARGETED_DEVICE_FAMILY = "1,2";
				TEST_HOST = "$(BUILT_PRODUCTS_DIR)/Merge Health.app/$(BUNDLE_EXECUTABLE_FOLDER_PATH)/Merge Health";
			};
			name = Release;
		};
		78DD434E2B67048E0067EB4B /* Debug */ = {
			isa = XCBuildConfiguration;
			baseConfigurationReference = D5C9C4FB4E1475AC4EDE5E9D /* Pods-Merge Health-Merge HealthUITests.debug.xcconfig */;
			buildSettings = {
				ALWAYS_EMBED_SWIFT_STANDARD_LIBRARIES = YES;
				CODE_SIGN_STYLE = Automatic;
				CURRENT_PROJECT_VERSION = 1;
				DEVELOPMENT_TEAM = 6XDAT75S8N;
				GENERATE_INFOPLIST_FILE = YES;
				MARKETING_VERSION = 1.0;
				PRODUCT_BUNDLE_IDENTIFIER = "swift.Merge-HealthUITests";
				PRODUCT_NAME = "$(TARGET_NAME)";
				SWIFT_EMIT_LOC_STRINGS = NO;
				SWIFT_VERSION = 5.0;
				TARGETED_DEVICE_FAMILY = "1,2";
				TEST_TARGET_NAME = "Merge Health";
			};
			name = Debug;
		};
		78DD434F2B67048E0067EB4B /* Release */ = {
			isa = XCBuildConfiguration;
			baseConfigurationReference = 492132BBC61386329B657758 /* Pods-Merge Health-Merge HealthUITests.release.xcconfig */;
			buildSettings = {
				ALWAYS_EMBED_SWIFT_STANDARD_LIBRARIES = YES;
				CODE_SIGN_STYLE = Automatic;
				CURRENT_PROJECT_VERSION = 1;
				DEVELOPMENT_TEAM = 6XDAT75S8N;
				GENERATE_INFOPLIST_FILE = YES;
				MARKETING_VERSION = 1.0;
				PRODUCT_BUNDLE_IDENTIFIER = "swift.Merge-HealthUITests";
				PRODUCT_NAME = "$(TARGET_NAME)";
				SWIFT_EMIT_LOC_STRINGS = NO;
				SWIFT_VERSION = 5.0;
				TARGETED_DEVICE_FAMILY = "1,2";
				TEST_TARGET_NAME = "Merge Health";
			};
			name = Release;
		};
/* End XCBuildConfiguration section */

/* Begin XCConfigurationList section */
		78DD43152B67048C0067EB4B /* Build configuration list for PBXProject "Merge Health" */ = {
			isa = XCConfigurationList;
			buildConfigurations = (
				78DD43452B67048E0067EB4B /* Debug */,
				78DD43462B67048E0067EB4B /* Release */,
			);
			defaultConfigurationIsVisible = 0;
			defaultConfigurationName = Release;
		};
		78DD43472B67048E0067EB4B /* Build configuration list for PBXNativeTarget "Merge Health" */ = {
			isa = XCConfigurationList;
			buildConfigurations = (
				78DD43482B67048E0067EB4B /* Debug */,
				78DD43492B67048E0067EB4B /* Release */,
			);
			defaultConfigurationIsVisible = 0;
			defaultConfigurationName = Release;
		};
		78DD434A2B67048E0067EB4B /* Build configuration list for PBXNativeTarget "Merge HealthTests" */ = {
			isa = XCConfigurationList;
			buildConfigurations = (
				78DD434B2B67048E0067EB4B /* Debug */,
				78DD434C2B67048E0067EB4B /* Release */,
			);
			defaultConfigurationIsVisible = 0;
			defaultConfigurationName = Release;
		};
		78DD434D2B67048E0067EB4B /* Build configuration list for PBXNativeTarget "Merge HealthUITests" */ = {
			isa = XCConfigurationList;
			buildConfigurations = (
				78DD434E2B67048E0067EB4B /* Debug */,
				78DD434F2B67048E0067EB4B /* Release */,
			);
			defaultConfigurationIsVisible = 0;
			defaultConfigurationName = Release;
		};
/* End XCConfigurationList section */

/* Begin XCVersionGroup section */
		78DD43502B670A2D0067EB4B /* health_data.xcdatamodeld */ = {
			isa = XCVersionGroup;
			children = (
				78DD43512B670A2D0067EB4B /* health_data.xcdatamodel */,
			);
			currentVersion = 78DD43512B670A2D0067EB4B /* health_data.xcdatamodel */;
			path = health_data.xcdatamodeld;
			sourceTree = "<group>";
			versionGroupType = wrapper.xcdatamodel;
		};
/* End XCVersionGroup section */
	};
	rootObject = 78DD43122B67048C0067EB4B /* Project object */;
}
